<?xml version="1.0" encoding="utf-8"?>
<Project ToolsVersion="4.0" xmlns="http://schemas.microsoft.com/developer/msbuild/2003">
  <ItemGroup>
    <Filter Include="Source Files">
      <UniqueIdentifier>{4FC737F1-C7A5-4376-A066-2A32D752A2FF}</UniqueIdentifier>
      <Extensions>cpp;c;cc;cxx;c++;cppm;ixx;def;odl;idl;hpj;bat;asm;asmx</Extensions>
    </Filter>
    <Filter Include="Header Files">
      <UniqueIdentifier>{93995380-89BD-4b04-88EB-625FBE52EBFB}</UniqueIdentifier>
      <Extensions>h;hh;hpp;hxx;h++;hm;inl;inc;ipp;xsd</Extensions>
    </Filter>
    <Filter Include="Resource Files">
      <UniqueIdentifier>{67DA6AB6-F800-4c08-8B7A-83BB121AAD01}</UniqueIdentifier>
      <Extensions>rc;ico;cur;bmp;dlg;rc2;rct;bin;rgs;gif;jpg;jpeg;jpe;resx;tiff;tif;png;wav;mfcribbon-ms</Extensions>
    </Filter>
    <Filter Include="Source Files\Visualization Code">
      <UniqueIdentifier>{2d46088d-d5db-4ebe-b1cd-178f6ea39257}</UniqueIdentifier>
    </Filter>
  </ItemGroup>
  <ItemGroup>
    <ClCompile Include="ECommerce.cpp">
      <Filter>Source Files</Filter>
    </ClCompile>
    <ClCompile Include="..\..\4\Thyroid Cancer\Barplot to Warehouse_block.cpp">
      <Filter>Source Files\Visualization Code</Filter>
    </ClCompile>
    <ClCompile Include="BarPlot To Product_importance.cpp">
      <Filter>Source Files\Visualization Code</Filter>
    </ClCompile>
    <ClCompile Include="Barplot between Product_importance and Reached_Time_Y_N.cpp">
      <Filter>Source Files\Visualization Code</Filter>
    </ClCompile>
    <ClCompile Include="Barplot between Product_importance and Gender.cpp">
      <Filter>Source Files\Visualization Code</Filter>
    </ClCompile>
    <ClCompile Include="Barplot between Prior_purchases and Reached_Time_Y_N.cpp">
      <Filter>Source Files\Visualization Code</Filter>
    </ClCompile>
    <ClCompile Include="Barplot between Gender and Reached_Time_Y_N.cpp">
      <Filter>Source Files\Visualization Code</Filter>
    </ClCompile>
    <ClCompile Include="HeatMap.cpp">
      <Filter>Source Files\Visualization Code</Filter>
    </ClCompile>
  </ItemGroup>
  <ItemGroup>
    <ClInclude Include="..\E-Commerce\Header Files\DecisionTree.h">
      <Filter>Header Files</Filter>
    </ClInclude>
    <ClInclude Include="..\E-Commerce\Header Files\OvRSVM.h">
      <Filter>Header Files</Filter>
    </ClInclude>
    <ClInclude Include="..\E-Commerce\Header Files\RandomForest.h">
      <Filter>Header Files</Filter>
    </ClInclude>
    <ClInclude Include="..\E-Commerce\Header Files\SVM.h">
      <Filter>Header Files</Filter>
    </ClInclude>
    <ClInclude Include="..\..\4\Thyroid Cancer\LogisticRegression.h">
      <Filter>Header Files</Filter>
    </ClInclude>
    <ClInclude Include="..\..\5\Salary\Data.h">
      <Filter>Header Files</Filter>
    </ClInclude>
  </ItemGroup>
</Project>